
Microsoft Visual Studio Solution File, Format Version 11.00
# Visual Studio 2010
Project("{FAE04EC0-301F-11D3-BF4B-00C04F79EFBC}") = "isla-test", "Assembly-CSharp.csproj", "{E65EE1BF-4C7E-16CE-52A3-B2C415499D1F}"
EndProject
Project("{FAE04EC0-301F-11D3-BF4B-00C04F79EFBC}") = "isla-test", "Assembly-CSharp-firstpass.csproj", "{05AFBC44-7836-30E5-4E99-3F9FF1042342}"
EndProject
Project("{FAE04EC0-301F-11D3-BF4B-00C04F79EFBC}") = "isla-test", "Assembly-CSharp-Editor.csproj", "{590EDF37-7CA7-37B4-A169-A380D3604DA9}"
EndProject
Project("{FAE04EC0-301F-11D3-BF4B-00C04F79EFBC}") = "isla-test", "Assembly-CSharp-Editor-firstpass.csproj", "{7606205B-910A-D640-9C2A-8BCAF737B8B1}"
EndProject
Global
	GlobalSection(SolutionConfigurationPlatforms) = preSolution
		Debug|Any CPU = Debug|Any CPU
		Release|Any CPU = Release|Any CPU
	EndGlobalSection
	GlobalSection(ProjectConfigurationPlatforms) = postSolution
		{E65EE1BF-4C7E-16CE-52A3-B2C415499D1F}.Debug|Any CPU.ActiveCfg = Debug|Any CPU
		{E65EE1BF-4C7E-16CE-52A3-B2C415499D1F}.Debug|Any CPU.Build.0 = Debug|Any CPU
		{E65EE1BF-4C7E-16CE-52A3-B2C415499D1F}.Release|Any CPU.ActiveCfg = Release|Any CPU
		{E65EE1BF-4C7E-16CE-52A3-B2C415499D1F}.Release|Any CPU.Build.0 = Release|Any CPU
		{05AFBC44-7836-30E5-4E99-3F9FF1042342}.Debug|Any CPU.ActiveCfg = Debug|Any CPU
		{05AFBC44-7836-30E5-4E99-3F9FF1042342}.Debug|Any CPU.Build.0 = Debug|Any CPU
		{05AFBC44-7836-30E5-4E99-3F9FF1042342}.Release|Any CPU.ActiveCfg = Release|Any CPU
		{05AFBC44-7836-30E5-4E99-3F9FF1042342}.Release|Any CPU.Build.0 = Release|Any CPU
		{590EDF37-7CA7-37B4-A169-A380D3604DA9}.Debug|Any CPU.ActiveCfg = Debug|Any CPU
		{590EDF37-7CA7-37B4-A169-A380D3604DA9}.Debug|Any CPU.Build.0 = Debug|Any CPU
		{590EDF37-7CA7-37B4-A169-A380D3604DA9}.Release|Any CPU.ActiveCfg = Release|Any CPU
		{590EDF37-7CA7-37B4-A169-A380D3604DA9}.Release|Any CPU.Build.0 = Release|Any CPU
		{7606205B-910A-D640-9C2A-8BCAF737B8B1}.Debug|Any CPU.ActiveCfg = Debug|Any CPU
		{7606205B-910A-D640-9C2A-8BCAF737B8B1}.Debug|Any CPU.Build.0 = Debug|Any CPU
		{7606205B-910A-D640-9C2A-8BCAF737B8B1}.Release|Any CPU.ActiveCfg = Release|Any CPU
		{7606205B-910A-D640-9C2A-8BCAF737B8B1}.Release|Any CPU.Build.0 = Release|Any CPU
	EndGlobalSection
	GlobalSection(SolutionProperties) = preSolution
		HideSolutionNode = FALSE
	EndGlobalSection
	GlobalSection(MonoDevelopProperties) = preSolution
		StartupItem = Assembly-CSharp.csproj
	EndGlobalSection
EndGlobal
